{
  "name": "@choksheak/parse-args",
  "requires": true,
  "lockfileVersion": 1,
  "dependencies": {
    "uglify-js": {
      "version": "3.12.2",
      "resolved": "https://registry.npmjs.org/uglify-js/-/uglify-js-3.12.2.tgz",
      "integrity": "sha512-rWYleAvfJPjduYCt+ELvzybNah/zIkRteGXIBO8X0lteRZPGladF61hFi8tU7qKTsF7u6DUQCtT9k00VlFOgkg==",
      "dev": true
    }
  }
}
